// !$*UTF8*$!
{
	archiveVersion = 1;
	classes = {
	};
	objectVersion = 55;
	objects = {

/* Begin PBXBuildFile section */
		B753AB36282960D9001396BA /* LogInViewController.swift in Sources */ = {isa = PBXBuildFile; fileRef = B753AB35282960D9001396BA /* LogInViewController.swift */; };
		B7C8DFBF281760DA00AC592A /* AppDelegate.swift in Sources */ = {isa = PBXBuildFile; fileRef = B7C8DFBE281760DA00AC592A /* AppDelegate.swift */; };
		B7C8DFC1281760DA00AC592A /* SceneDelegate.swift in Sources */ = {isa = PBXBuildFile; fileRef = B7C8DFC0281760DA00AC592A /* SceneDelegate.swift */; };
		B7C8DFC8281760DB00AC592A /* Assets.xcassets in Resources */ = {isa = PBXBuildFile; fileRef = B7C8DFC7281760DB00AC592A /* Assets.xcassets */; };
		B7C8DFCB281760DB00AC592A /* LaunchScreen.storyboard in Resources */ = {isa = PBXBuildFile; fileRef = B7C8DFC9281760DB00AC592A /* LaunchScreen.storyboard */; };
		B7C8DFD3281766BF00AC592A /* TabBarController.swift in Sources */ = {isa = PBXBuildFile; fileRef = B7C8DFD2281766BF00AC592A /* TabBarController.swift */; };
		B7C8DFD5281766E200AC592A /* FeedViewController.swift in Sources */ = {isa = PBXBuildFile; fileRef = B7C8DFD4281766E200AC592A /* FeedViewController.swift */; };
		B7C8DFD7281766F900AC592A /* ProfileViewController.swift in Sources */ = {isa = PBXBuildFile; fileRef = B7C8DFD6281766F900AC592A /* ProfileViewController.swift */; };
		B7C8DFD92817670700AC592A /* PostViewController.swift in Sources */ = {isa = PBXBuildFile; fileRef = B7C8DFD82817670700AC592A /* PostViewController.swift */; };
		B7C8DFDB2817671200AC592A /* InfoViewController.swift in Sources */ = {isa = PBXBuildFile; fileRef = B7C8DFDA2817671200AC592A /* InfoViewController.swift */; };
		B7C8DFDD2817672200AC592A /* Post.swift in Sources */ = {isa = PBXBuildFile; fileRef = B7C8DFDC2817672200AC592A /* Post.swift */; };
		B7C8DFE128176A7400AC592A /* ProfileHeaderView.swift in Sources */ = {isa = PBXBuildFile; fileRef = B7C8DFE028176A7400AC592A /* ProfileHeaderView.swift */; };
		B7CAFF6F283C104F00EABCEE /* LoginAndPassword.swift in Sources */ = {isa = PBXBuildFile; fileRef = B7CAFF6E283C104F00EABCEE /* LoginAndPassword.swift */; };
		B7CAFF73283C458000EABCEE /* PostOpenedViewController.swift in Sources */ = {isa = PBXBuildFile; fileRef = B7CAFF72283C458000EABCEE /* PostOpenedViewController.swift */; };
		B7D0FA25282BDE9A001C1626 /* PostTableViewCell.swift in Sources */ = {isa = PBXBuildFile; fileRef = B7D0FA24282BDE9A001C1626 /* PostTableViewCell.swift */; };
		B7D0FA29282BDEF5001C1626 /* UIView+Extention.swift in Sources */ = {isa = PBXBuildFile; fileRef = B7D0FA28282BDEF5001C1626 /* UIView+Extention.swift */; };
		B7D0FA39282EB31D001C1626 /* PhotosTableViewCell.swift in Sources */ = {isa = PBXBuildFile; fileRef = B7D0FA38282EB31D001C1626 /* PhotosTableViewCell.swift */; };
		B7D0FA3B282EB4C9001C1626 /* PhotosCollectionProfileViewCell.swift in Sources */ = {isa = PBXBuildFile; fileRef = B7D0FA3A282EB4C9001C1626 /* PhotosCollectionProfileViewCell.swift */; };
		B7D0FA3D282EB6C2001C1626 /* ProfileTableHederView.swift in Sources */ = {isa = PBXBuildFile; fileRef = B7D0FA3C282EB6C2001C1626 /* ProfileTableHederView.swift */; };
		B7D0FA3F282EB739001C1626 /* PhotosViewController.swift in Sources */ = {isa = PBXBuildFile; fileRef = B7D0FA3E282EB739001C1626 /* PhotosViewController.swift */; };
		B7D0FA41282EB76A001C1626 /* PhotosCollectionViewCell.swift in Sources */ = {isa = PBXBuildFile; fileRef = B7D0FA40282EB76A001C1626 /* PhotosCollectionViewCell.swift */; };
/* End PBXBuildFile section */

/* Begin PBXFileReference section */
		B753AB35282960D9001396BA /* LogInViewController.swift */ = {isa = PBXFileReference; lastKnownFileType = sourcecode.swift; path = LogInViewController.swift; sourceTree = "<group>"; };
		B7C8DFBB281760DA00AC592A /* Navigation.app */ = {isa = PBXFileReference; explicitFileType = wrapper.application; includeInIndex = 0; path = Navigation.app; sourceTree = BUILT_PRODUCTS_DIR; };
		B7C8DFBE281760DA00AC592A /* AppDelegate.swift */ = {isa = PBXFileReference; lastKnownFileType = sourcecode.swift; path = AppDelegate.swift; sourceTree = "<group>"; };
		B7C8DFC0281760DA00AC592A /* SceneDelegate.swift */ = {isa = PBXFileReference; lastKnownFileType = sourcecode.swift; path = SceneDelegate.swift; sourceTree = "<group>"; };
		B7C8DFC7281760DB00AC592A /* Assets.xcassets */ = {isa = PBXFileReference; lastKnownFileType = folder.assetcatalog; path = Assets.xcassets; sourceTree = "<group>"; };
		B7C8DFCA281760DB00AC592A /* Base */ = {isa = PBXFileReference; lastKnownFileType = file.storyboard; name = Base; path = Base.lproj/LaunchScreen.storyboard; sourceTree = "<group>"; };
		B7C8DFCC281760DB00AC592A /* Info.plist */ = {isa = PBXFileReference; lastKnownFileType = text.plist.xml; path = Info.plist; sourceTree = "<group>"; };
		B7C8DFD2281766BF00AC592A /* TabBarController.swift */ = {isa = PBXFileReference; lastKnownFileType = sourcecode.swift; path = TabBarController.swift; sourceTree = "<group>"; };
		B7C8DFD4281766E200AC592A /* FeedViewController.swift */ = {isa = PBXFileReference; lastKnownFileType = sourcecode.swift; path = FeedViewController.swift; sourceTree = "<group>"; };
		B7C8DFD6281766F900AC592A /* ProfileViewController.swift */ = {isa = PBXFileReference; lastKnownFileType = sourcecode.swift; path = ProfileViewController.swift; sourceTree = "<group>"; };
		B7C8DFD82817670700AC592A /* PostViewController.swift */ = {isa = PBXFileReference; lastKnownFileType = sourcecode.swift; path = PostViewController.swift; sourceTree = "<group>"; };
		B7C8DFDA2817671200AC592A /* InfoViewController.swift */ = {isa = PBXFileReference; lastKnownFileType = sourcecode.swift; path = InfoViewController.swift; sourceTree = "<group>"; };
		B7C8DFDC2817672200AC592A /* Post.swift */ = {isa = PBXFileReference; lastKnownFileType = sourcecode.swift; path = Post.swift; sourceTree = "<group>"; };
		B7C8DFE028176A7400AC592A /* ProfileHeaderView.swift */ = {isa = PBXFileReference; lastKnownFileType = sourcecode.swift; path = ProfileHeaderView.swift; sourceTree = "<group>"; };
		B7CAFF6E283C104F00EABCEE /* LoginAndPassword.swift */ = {isa = PBXFileReference; lastKnownFileType = sourcecode.swift; path = LoginAndPassword.swift; sourceTree = "<group>"; };
		B7CAFF72283C458000EABCEE /* PostOpenedViewController.swift */ = {isa = PBXFileReference; lastKnownFileType = sourcecode.swift; path = PostOpenedViewController.swift; sourceTree = "<group>"; };
		B7D0FA24282BDE9A001C1626 /* PostTableViewCell.swift */ = {isa = PBXFileReference; lastKnownFileType = sourcecode.swift; path = PostTableViewCell.swift; sourceTree = "<group>"; };
		B7D0FA28282BDEF5001C1626 /* UIView+Extention.swift */ = {isa = PBXFileReference; lastKnownFileType = sourcecode.swift; path = "UIView+Extention.swift"; sourceTree = "<group>"; };
		B7D0FA38282EB31D001C1626 /* PhotosTableViewCell.swift */ = {isa = PBXFileReference; lastKnownFileType = sourcecode.swift; path = PhotosTableViewCell.swift; sourceTree = "<group>"; };
		B7D0FA3A282EB4C9001C1626 /* PhotosCollectionProfileViewCell.swift */ = {isa = PBXFileReference; lastKnownFileType = sourcecode.swift; path = PhotosCollectionProfileViewCell.swift; sourceTree = "<group>"; };
		B7D0FA3C282EB6C2001C1626 /* ProfileTableHederView.swift */ = {isa = PBXFileReference; lastKnownFileType = sourcecode.swift; path = ProfileTableHederView.swift; sourceTree = "<group>"; };
		B7D0FA3E282EB739001C1626 /* PhotosViewController.swift */ = {isa = PBXFileReference; lastKnownFileType = sourcecode.swift; path = PhotosViewController.swift; sourceTree = "<group>"; };
		B7D0FA40282EB76A001C1626 /* PhotosCollectionViewCell.swift */ = {isa = PBXFileReference; lastKnownFileType = sourcecode.swift; path = PhotosCollectionViewCell.swift; sourceTree = "<group>"; };
/* End PBXFileReference section */

/* Begin PBXFrameworksBuildPhase section */
		B7C8DFB8281760DA00AC592A /* Frameworks */ = {
			isa = PBXFrameworksBuildPhase;
			buildActionMask = 2147483647;
			files = (
			);
			runOnlyForDeploymentPostprocessing = 0;
		};
/* End PBXFrameworksBuildPhase section */

/* Begin PBXGroup section */
		B7C8DFB2281760D900AC592A = {
			isa = PBXGroup;
			children = (
				B7C8DFBD281760DA00AC592A /* Navigation */,
				B7CAFF68283BEC1B00EABCEE /* Login */,
				B7C8DFDF28176A3300AC592A /* Profile */,
				B7CAFF69283BEC2500EABCEE /* Photos */,
				B7CAFF67283BEC1200EABCEE /* Post */,
				B7CAFF66283BEBF800EABCEE /* Extentions */,
				B7C8DFBC281760DA00AC592A /* Products */,
			);
			sourceTree = "<group>";
		};
		B7C8DFBC281760DA00AC592A /* Products */ = {
			isa = PBXGroup;
			children = (
				B7C8DFBB281760DA00AC592A /* Navigation.app */,
			);
			name = Products;
			sourceTree = "<group>";
		};
		B7C8DFBD281760DA00AC592A /* Navigation */ = {
			isa = PBXGroup;
			children = (
				B7C8DFBE281760DA00AC592A /* AppDelegate.swift */,
				B7C8DFC0281760DA00AC592A /* SceneDelegate.swift */,
				B7C8DFD2281766BF00AC592A /* TabBarController.swift */,
				B7C8DFD4281766E200AC592A /* FeedViewController.swift */,
				B7C8DFDA2817671200AC592A /* InfoViewController.swift */,
				B7C8DFC7281760DB00AC592A /* Assets.xcassets */,
				B7C8DFC9281760DB00AC592A /* LaunchScreen.storyboard */,
				B7C8DFCC281760DB00AC592A /* Info.plist */,
			);
			path = Navigation;
			sourceTree = "<group>";
		};
		B7C8DFDF28176A3300AC592A /* Profile */ = {
			isa = PBXGroup;
			children = (
				B7C8DFD6281766F900AC592A /* ProfileViewController.swift */,
				B7C8DFE028176A7400AC592A /* ProfileHeaderView.swift */,
				B7D0FA3C282EB6C2001C1626 /* ProfileTableHederView.swift */,
			);
			path = Profile;
			sourceTree = "<group>";
		};
		B7CAFF66283BEBF800EABCEE /* Extentions */ = {
			isa = PBXGroup;
			children = (
				B7D0FA28282BDEF5001C1626 /* UIView+Extention.swift */,
			);
			path = Extentions;
			sourceTree = "<group>";
		};
		B7CAFF67283BEC1200EABCEE /* Post */ = {
			isa = PBXGroup;
			children = (
				B7C8DFD82817670700AC592A /* PostViewController.swift */,
				B7D0FA24282BDE9A001C1626 /* PostTableViewCell.swift */,
				B7C8DFDC2817672200AC592A /* Post.swift */,
				B7CAFF72283C458000EABCEE /* PostOpenedViewController.swift */,
			);
			path = Post;
			sourceTree = "<group>";
		};
		B7CAFF68283BEC1B00EABCEE /* Login */ = {
			isa = PBXGroup;
			children = (
				B753AB35282960D9001396BA /* LogInViewController.swift */,
				B7CAFF6E283C104F00EABCEE /* LoginAndPassword.swift */,
			);
			path = Login;
			sourceTree = "<group>";
		};
		B7CAFF69283BEC2500EABCEE /* Photos */ = {
			isa = PBXGroup;
			children = (
				B7D0FA3E282EB739001C1626 /* PhotosViewController.swift */,
				B7D0FA38282EB31D001C1626 /* PhotosTableViewCell.swift */,
				B7D0FA40282EB76A001C1626 /* PhotosCollectionViewCell.swift */,
				B7D0FA3A282EB4C9001C1626 /* PhotosCollectionProfileViewCell.swift */,
			);
			path = Photos;
			sourceTree = "<group>";
		};
/* End PBXGroup section */

/* Begin PBXNativeTarget section */
		B7C8DFBA281760DA00AC592A /* Navigation */ = {
			isa = PBXNativeTarget;
			buildConfigurationList = B7C8DFCF281760DB00AC592A /* Build configuration list for PBXNativeTarget "Navigation" */;
			buildPhases = (
				B7C8DFB7281760DA00AC592A /* Sources */,
				B7C8DFB8281760DA00AC592A /* Frameworks */,
				B7C8DFB9281760DA00AC592A /* Resources */,
			);
			buildRules = (
			);
			dependencies = (
			);
			name = Navigation;
			productName = Navigation;
			productReference = B7C8DFBB281760DA00AC592A /* Navigation.app */;
			productType = "com.apple.product-type.application";
		};
/* End PBXNativeTarget section */

/* Begin PBXProject section */
		B7C8DFB3281760D900AC592A /* Project object */ = {
			isa = PBXProject;
			attributes = {
				BuildIndependentTargetsInParallel = 1;
				LastSwiftUpdateCheck = 1330;
				LastUpgradeCheck = 1330;
				TargetAttributes = {
					B7C8DFBA281760DA00AC592A = {
						CreatedOnToolsVersion = 13.3.1;
					};
				};
			};
			buildConfigurationList = B7C8DFB6281760D900AC592A /* Build configuration list for PBXProject "Navigation" */;
			compatibilityVersion = "Xcode 13.0";
			developmentRegion = en;
			hasScannedForEncodings = 0;
			knownRegions = (
				en,
				Base,
			);
			mainGroup = B7C8DFB2281760D900AC592A;
			productRefGroup = B7C8DFBC281760DA00AC592A /* Products */;
			projectDirPath = "";
			projectRoot = "";
			targets = (
				B7C8DFBA281760DA00AC592A /* Navigation */,
			);
		};
/* End PBXProject section */

/* Begin PBXResourcesBuildPhase section */
		B7C8DFB9281760DA00AC592A /* Resources */ = {
			isa = PBXResourcesBuildPhase;
			buildActionMask = 2147483647;
			files = (
				B7C8DFCB281760DB00AC592A /* LaunchScreen.storyboard in Resources */,
				B7C8DFC8281760DB00AC592A /* Assets.xcassets in Resources */,
			);
			runOnlyForDeploymentPostprocessing = 0;
		};
/* End PBXResourcesBuildPhase section */

/* Begin PBXSourcesBuildPhase section */
		B7C8DFB7281760DA00AC592A /* Sources */ = {
			isa = PBXSourcesBuildPhase;
			buildActionMask = 2147483647;
			files = (
				B7D0FA25282BDE9A001C1626 /* PostTableViewCell.swift in Sources */,
				B7D0FA3F282EB739001C1626 /* PhotosViewController.swift in Sources */,
				B7D0FA3B282EB4C9001C1626 /* PhotosCollectionProfileViewCell.swift in Sources */,
				B7C8DFD7281766F900AC592A /* ProfileViewController.swift in Sources */,
				B7C8DFD92817670700AC592A /* PostViewController.swift in Sources */,
				B7C8DFD3281766BF00AC592A /* TabBarController.swift in Sources */,
				B7C8DFD5281766E200AC592A /* FeedViewController.swift in Sources */,
				B7C8DFE128176A7400AC592A /* ProfileHeaderView.swift in Sources */,
				B7C8DFBF281760DA00AC592A /* AppDelegate.swift in Sources */,
				B7C8DFDD2817672200AC592A /* Post.swift in Sources */,
				B7C8DFDB2817671200AC592A /* InfoViewController.swift in Sources */,
				B7D0FA3D282EB6C2001C1626 /* ProfileTableHederView.swift in Sources */,
				B7CAFF73283C458000EABCEE /* PostOpenedViewController.swift in Sources */,
				B7D0FA39282EB31D001C1626 /* PhotosTableViewCell.swift in Sources */,
				B753AB36282960D9001396BA /* LogInViewController.swift in Sources */,
				B7D0FA41282EB76A001C1626 /* PhotosCollectionViewCell.swift in Sources */,
				B7C8DFC1281760DA00AC592A /* SceneDelegate.swift in Sources */,
				B7CAFF6F283C104F00EABCEE /* LoginAndPassword.swift in Sources */,
				B7D0FA29282BDEF5001C1626 /* UIView+Extention.swift in Sources */,
			);
			runOnlyForDeploymentPostprocessing = 0;
		};
/* End PBXSourcesBuildPhase section */

/* Begin PBXVariantGroup section */
		B7C8DFC9281760DB00AC592A /* LaunchScreen.storyboard */ = {
			isa = PBXVariantGroup;
			children = (
				B7C8DFCA281760DB00AC592A /* Base */,
			);
			name = LaunchScreen.storyboard;
			sourceTree = "<group>";
		};
/* End PBXVariantGroup section */

/* Begin XCBuildConfiguration section */
		B7C8DFCD281760DB00AC592A /* Debug */ = {
			isa = XCBuildConfiguration;
			buildSettings = {
				ALWAYS_SEARCH_USER_PATHS = NO;
				CLANG_ANALYZER_NONNULL = YES;
				CLANG_ANALYZER_NUMBER_OBJECT_CONVERSION = YES_AGGRESSIVE;
				CLANG_CXX_LANGUAGE_STANDARD = "gnu++17";
				CLANG_ENABLE_MODULES = YES;
				CLANG_ENABLE_OBJC_ARC = YES;
				CLANG_ENABLE_OBJC_WEAK = YES;
				CLANG_WARN_BLOCK_CAPTURE_AUTORELEASING = YES;
				CLANG_WARN_BOOL_CONVERSION = YES;
				CLANG_WARN_COMMA = YES;
				CLANG_WARN_CONSTANT_CONVERSION = YES;
				CLANG_WARN_DEPRECATED_OBJC_IMPLEMENTATIONS = YES;
				CLANG_WARN_DIRECT_OBJC_ISA_USAGE = YES_ERROR;
				CLANG_WARN_DOCUMENTATION_COMMENTS = YES;
				CLANG_WARN_EMPTY_BODY = YES;
				CLANG_WARN_ENUM_CONVERSION = YES;
				CLANG_WARN_INFINITE_RECURSION = YES;
				CLANG_WARN_INT_CONVERSION = YES;
				CLANG_WARN_NON_LITERAL_NULL_CONVERSION = YES;
				CLANG_WARN_OBJC_IMPLICIT_RETAIN_SELF = YES;
				CLANG_WARN_OBJC_LITERAL_CONVERSION = YES;
				CLANG_WARN_OBJC_ROOT_CLASS = YES_ERROR;
				CLANG_WARN_QUOTED_INCLUDE_IN_FRAMEWORK_HEADER = YES;
				CLANG_WARN_RANGE_LOOP_ANALYSIS = YES;
				CLANG_WARN_STRICT_PROTOTYPES = YES;
				CLANG_WARN_SUSPICIOUS_MOVE = YES;
				CLANG_WARN_UNGUARDED_AVAILABILITY = YES_AGGRESSIVE;
				CLANG_WARN_UNREACHABLE_CODE = YES;
				CLANG_WARN__DUPLICATE_METHOD_MATCH = YES;
				COPY_PHASE_STRIP = NO;
				DEBUG_INFORMATION_FORMAT = dwarf;
				ENABLE_STRICT_OBJC_MSGSEND = YES;
				ENABLE_TESTABILITY = YES;
				GCC_C_LANGUAGE_STANDARD = gnu11;
				GCC_DYNAMIC_NO_PIC = NO;
				GCC_NO_COMMON_BLOCKS = YES;
				GCC_OPTIMIZATION_LEVEL = 0;
				GCC_PREPROCESSOR_DEFINITIONS = (
					"DEBUG=1",
					"$(inherited)",
				);
				GCC_WARN_64_TO_32_BIT_CONVERSION = YES;
				GCC_WARN_ABOUT_RETURN_TYPE = YES_ERROR;
				GCC_WARN_UNDECLARED_SELECTOR = YES;
				GCC_WARN_UNINITIALIZED_AUTOS = YES_AGGRESSIVE;
				GCC_WARN_UNUSED_FUNCTION = YES;
				GCC_WARN_UNUSED_VARIABLE = YES;
				IPHONEOS_DEPLOYMENT_TARGET = 15.4;
				MTL_ENABLE_DEBUG_INFO = INCLUDE_SOURCE;
				MTL_FAST_MATH = YES;
				ONLY_ACTIVE_ARCH = YES;
				SDKROOT = iphoneos;
				SWIFT_ACTIVE_COMPILATION_CONDITIONS = DEBUG;
				SWIFT_OPTIMIZATION_LEVEL = "-Onone";
			};
			name = Debug;
		};
		B7C8DFCE281760DB00AC592A /* Release */ = {
			isa = XCBuildConfiguration;
			buildSettings = {
				ALWAYS_SEARCH_USER_PATHS = NO;
				CLANG_ANALYZER_NONNULL = YES;
				CLANG_ANALYZER_NUMBER_OBJECT_CONVERSION = YES_AGGRESSIVE;
				CLANG_CXX_LANGUAGE_STANDARD = "gnu++17";
				CLANG_ENABLE_MODULES = YES;
				CLANG_ENABLE_OBJC_ARC = YES;
				CLANG_ENABLE_OBJC_WEAK = YES;
				CLANG_WARN_BLOCK_CAPTURE_AUTORELEASING = YES;
				CLANG_WARN_BOOL_CONVERSION = YES;
				CLANG_WARN_COMMA = YES;
				CLANG_WARN_CONSTANT_CONVERSION = YES;
				CLANG_WARN_DEPRECATED_OBJC_IMPLEMENTATIONS = YES;
				CLANG_WARN_DIRECT_OBJC_ISA_USAGE = YES_ERROR;
				CLANG_WARN_DOCUMENTATION_COMMENTS = YES;
				CLANG_WARN_EMPTY_BODY = YES;
				CLANG_WARN_ENUM_CONVERSION = YES;
				CLANG_WARN_INFINITE_RECURSION = YES;
				CLANG_WARN_INT_CONVERSION = YES;
				CLANG_WARN_NON_LITERAL_NULL_CONVERSION = YES;
				CLANG_WARN_OBJC_IMPLICIT_RETAIN_SELF = YES;
				CLANG_WARN_OBJC_LITERAL_CONVERSION = YES;
				CLANG_WARN_OBJC_ROOT_CLASS = YES_ERROR;
				CLANG_WARN_QUOTED_INCLUDE_IN_FRAMEWORK_HEADER = YES;
				CLANG_WARN_RANGE_LOOP_ANALYSIS = YES;
				CLANG_WARN_STRICT_PROTOTYPES = YES;
				CLANG_WARN_SUSPICIOUS_MOVE = YES;
				CLANG_WARN_UNGUARDED_AVAILABILITY = YES_AGGRESSIVE;
				CLANG_WARN_UNREACHABLE_CODE = YES;
				CLANG_WARN__DUPLICATE_METHOD_MATCH = YES;
				COPY_PHASE_STRIP = NO;
				DEBUG_INFORMATION_FORMAT = "dwarf-with-dsym";
				ENABLE_NS_ASSERTIONS = NO;
				ENABLE_STRICT_OBJC_MSGSEND = YES;
				GCC_C_LANGUAGE_STANDARD = gnu11;
				GCC_NO_COMMON_BLOCKS = YES;
				GCC_WARN_64_TO_32_BIT_CONVERSION = YES;
				GCC_WARN_ABOUT_RETURN_TYPE = YES_ERROR;
				GCC_WARN_UNDECLARED_SELECTOR = YES;
				GCC_WARN_UNINITIALIZED_AUTOS = YES_AGGRESSIVE;
				GCC_WARN_UNUSED_FUNCTION = YES;
				GCC_WARN_UNUSED_VARIABLE = YES;
				IPHONEOS_DEPLOYMENT_TARGET = 15.4;
				MTL_ENABLE_DEBUG_INFO = NO;
				MTL_FAST_MATH = YES;
				SDKROOT = iphoneos;
				SWIFT_COMPILATION_MODE = wholemodule;
				SWIFT_OPTIMIZATION_LEVEL = "-O";
				VALIDATE_PRODUCT = YES;
			};
			name = Release;
		};
		B7C8DFD0281760DB00AC592A /* Debug */ = {
			isa = XCBuildConfiguration;
			buildSettings = {
				ASSETCATALOG_COMPILER_APPICON_NAME = AppIcon;
				ASSETCATALOG_COMPILER_GLOBAL_ACCENT_COLOR_NAME = AccentColor;
				CODE_SIGN_STYLE = Automatic;
				CURRENT_PROJECT_VERSION = 1;
				DEVELOPMENT_TEAM = NKR9WB7GTN;
				GENERATE_INFOPLIST_FILE = YES;
				INFOPLIST_FILE = Navigation/Info.plist;
				INFOPLIST_KEY_UIApplicationSupportsIndirectInputEvents = YES;
				INFOPLIST_KEY_UILaunchStoryboardName = LaunchScreen;
				INFOPLIST_KEY_UISupportedInterfaceOrientations_iPad = "UIInterfaceOrientationPortrait UIInterfaceOrientationPortraitUpsideDown UIInterfaceOrientationLandscapeLeft UIInterfaceOrientationLandscapeRight";
				INFOPLIST_KEY_UISupportedInterfaceOrientations_iPhone = "UIInterfaceOrientationPortrait UIInterfaceOrientationLandscapeLeft UIInterfaceOrientationLandscapeRight";
				IPHONEOS_DEPLOYMENT_TARGET = 13.0;
				LD_RUNPATH_SEARCH_PATHS = (
					"$(inherited)",
					"@executable_path/Frameworks",
				);
				MARKETING_VERSION = 1.0;
				PRODUCT_BUNDLE_IDENTIFIER = "-.Navigation";
				PRODUCT_NAME = "$(TARGET_NAME)";
				SWIFT_EMIT_LOC_STRINGS = YES;
				SWIFT_VERSION = 5.0;
				TARGETED_DEVICE_FAMILY = "1,2";
			};
			name = Debug;
		};
		B7C8DFD1281760DB00AC592A /* Release */ = {
			isa = XCBuildConfiguration;
			buildSettings = {
				ASSETCATALOG_COMPILER_APPICON_NAME = AppIcon;
				ASSETCATALOG_COMPILER_GLOBAL_ACCENT_COLOR_NAME = AccentColor;
				CODE_SIGN_STYLE = Automatic;
				CURRENT_PROJECT_VERSION = 1;
				DEVELOPMENT_TEAM = NKR9WB7GTN;
				GENERATE_INFOPLIST_FILE = YES;
				INFOPLIST_FILE = Navigation/Info.plist;
				INFOPLIST_KEY_UIApplicationSupportsIndirectInputEvents = YES;
				INFOPLIST_KEY_UILaunchStoryboardName = LaunchScreen;
				INFOPLIST_KEY_UISupportedInterfaceOrientations_iPad = "UIInterfaceOrientationPortrait UIInterfaceOrientationPortraitUpsideDown UIInterfaceOrientationLandscapeLeft UIInterfaceOrientationLandscapeRight";
				INFOPLIST_KEY_UISupportedInterfaceOrientations_iPhone = "UIInterfaceOrientationPortrait UIInterfaceOrientationLandscapeLeft UIInterfaceOrientationLandscapeRight";
				IPHONEOS_DEPLOYMENT_TARGET = 13.0;
				LD_RUNPATH_SEARCH_PATHS = (
					"$(inherited)",
					"@executable_path/Frameworks",
				);
				MARKETING_VERSION = 1.0;
				PRODUCT_BUNDLE_IDENTIFIER = "-.Navigation";
				PRODUCT_NAME = "$(TARGET_NAME)";
				SWIFT_EMIT_LOC_STRINGS = YES;
				SWIFT_VERSION = 5.0;
				TARGETED_DEVICE_FAMILY = "1,2";
			};
			name = Release;
		};
/* End XCBuildConfiguration section */

/* Begin XCConfigurationList section */
		B7C8DFB6281760D900AC592A /* Build configuration list for PBXProject "Navigation" */ = {
			isa = XCConfigurationList;
			buildConfigurations = (
				B7C8DFCD281760DB00AC592A /* Debug */,
				B7C8DFCE281760DB00AC592A /* Release */,
			);
			defaultConfigurationIsVisible = 0;
			defaultConfigurationName = Release;
		};
		B7C8DFCF281760DB00AC592A /* Build configuration list for PBXNativeTarget "Navigation" */ = {
			isa = XCConfigurationList;
			buildConfigurations = (
				B7C8DFD0281760DB00AC592A /* Debug */,
				B7C8DFD1281760DB00AC592A /* Release */,
			);
			defaultConfigurationIsVisible = 0;
			defaultConfigurationName = Release;
		};
/* End XCConfigurationList section */
	};
	rootObject = B7C8DFB3281760D900AC592A /* Project object */;
}
